
Microsoft Visual Studio Solution File, Format Version 12.00
# Visual Studio Version 17
VisualStudioVersion = 17.4.33205.214
MinimumVisualStudioVersion = 10.0.40219.1
Project("{9A19103F-16F7-4668-BE54-9A1E7A4F7556}") = "BlazorServerApp", "BlazorServerApp\BlazorServerApp.csproj", "{C64FDE4C-548D-44FA-BA38-9013A86324DD}"
EndProject
Project("{9A19103F-16F7-4668-BE54-9A1E7A4F7556}") = "BlazorWasmApp", "BlazorWasmApp\BlazorWasmApp.csproj", "{9BB4FBE2-9542-4017-B848-CC97FDD6D6FA}"
EndProject
Project("{9A19103F-16F7-4668-BE54-9A1E7A4F7556}") = "BlazorMauiApp", "BlazorMauiApp\BlazorMauiApp.csproj", "{B0BC531B-D040-444F-9B63-FE3C062FC727}"
EndProject
Project("{9A19103F-16F7-4668-BE54-9A1E7A4F7556}") = "RazorPageApp", "RazorPageApp\RazorPageApp.csproj", "{025B6937-FB16-48D2-911E-DFD6BCE45575}"
EndProject
Global
	GlobalSection(SolutionConfigurationPlatforms) = preSolution
		Debug|Any CPU = Debug|Any CPU
		Release|Any CPU = Release|Any CPU
	EndGlobalSection
	GlobalSection(ProjectConfigurationPlatforms) = postSolution
		{C64FDE4C-548D-44FA-BA38-9013A86324DD}.Debug|Any CPU.ActiveCfg = Debug|Any CPU
		{C64FDE4C-548D-44FA-BA38-9013A86324DD}.Debug|Any CPU.Build.0 = Debug|Any CPU
		{C64FDE4C-548D-44FA-BA38-9013A86324DD}.Release|Any CPU.ActiveCfg = Release|Any CPU
		{C64FDE4C-548D-44FA-BA38-9013A86324DD}.Release|Any CPU.Build.0 = Release|Any CPU
		{9BB4FBE2-9542-4017-B848-CC97FDD6D6FA}.Debug|Any CPU.ActiveCfg = Debug|Any CPU
		{9BB4FBE2-9542-4017-B848-CC97FDD6D6FA}.Debug|Any CPU.Build.0 = Debug|Any CPU
		{9BB4FBE2-9542-4017-B848-CC97FDD6D6FA}.Release|Any CPU.ActiveCfg = Release|Any CPU
		{9BB4FBE2-9542-4017-B848-CC97FDD6D6FA}.Release|Any CPU.Build.0 = Release|Any CPU
		{B0BC531B-D040-444F-9B63-FE3C062FC727}.Debug|Any CPU.ActiveCfg = Debug|Any CPU
		{B0BC531B-D040-444F-9B63-FE3C062FC727}.Debug|Any CPU.Build.0 = Debug|Any CPU
		{B0BC531B-D040-444F-9B63-FE3C062FC727}.Debug|Any CPU.Deploy.0 = Debug|Any CPU
		{B0BC531B-D040-444F-9B63-FE3C062FC727}.Release|Any CPU.ActiveCfg = Release|Any CPU
		{B0BC531B-D040-444F-9B63-FE3C062FC727}.Release|Any CPU.Build.0 = Release|Any CPU
		{B0BC531B-D040-444F-9B63-FE3C062FC727}.Release|Any CPU.Deploy.0 = Release|Any CPU
		{025B6937-FB16-48D2-911E-DFD6BCE45575}.Debug|Any CPU.ActiveCfg = Debug|Any CPU
		{025B6937-FB16-48D2-911E-DFD6BCE45575}.Debug|Any CPU.Build.0 = Debug|Any CPU
		{025B6937-FB16-48D2-911E-DFD6BCE45575}.Release|Any CPU.ActiveCfg = Release|Any CPU
		{025B6937-FB16-48D2-911E-DFD6BCE45575}.Release|Any CPU.Build.0 = Release|Any CPU
	EndGlobalSection
	GlobalSection(SolutionProperties) = preSolution
		HideSolutionNode = FALSE
	EndGlobalSection
	GlobalSection(ExtensibilityGlobals) = postSolution
		SolutionGuid = {B1452A10-F290-4EDA-ADC7-ADBD05F548A9}
	EndGlobalSection
EndGlobal
