
Microsoft Visual Studio Solution File, Format Version 12.00
# Visual Studio Version 17
VisualStudioVersion = 17.3.32901.215
MinimumVisualStudioVersion = 10.0.40219.1
Project("{FAE04EC0-301F-11D3-BF4B-00C04F79EFBC}") = "BlazorApp", "BlazorApp\BlazorApp.csproj", "{F2D901CC-4824-4823-94F7-41081EA96093}"
EndProject
Global
	GlobalSection(SolutionConfigurationPlatforms) = preSolution
		Debug|Any CPU = Debug|Any CPU
		Release|Any CPU = Release|Any CPU
	EndGlobalSection
	GlobalSection(ProjectConfigurationPlatforms) = postSolution
		{F2D901CC-4824-4823-94F7-41081EA96093}.Debug|Any CPU.ActiveCfg = Debug|Any CPU
		{F2D901CC-4824-4823-94F7-41081EA96093}.Debug|Any CPU.Build.0 = Debug|Any CPU
		{F2D901CC-4824-4823-94F7-41081EA96093}.Release|Any CPU.ActiveCfg = Release|Any CPU
		{F2D901CC-4824-4823-94F7-41081EA96093}.Release|Any CPU.Build.0 = Release|Any CPU
	EndGlobalSection
	GlobalSection(SolutionProperties) = preSolution
		HideSolutionNode = FALSE
	EndGlobalSection
	GlobalSection(ExtensibilityGlobals) = postSolution
		SolutionGuid = {A6488453-9A5A-433D-8821-5FBF67B9F787}
	EndGlobalSection
EndGlobal
